
Microsoft Visual Studio Solution File, Format Version 12.00
# Visual Studio Version 16
VisualStudioVersion = 16.0.810.22
MinimumVisualStudioVersion = 10.0.40219.1
Project("{FAE04EC0-301F-11D3-BF4B-00C04F79EFBC}") = "homework111", "homework111\homework111.csproj", "{CA9CF764-2B7C-43BD-8AC4-85BD3BB2EE22}"
EndProject
Global
	GlobalSection(SolutionConfigurationPlatforms) = preSolution
		Debug|anycpu = Debug|anycpu
		Release|anycpu = Release|anycpu
	EndGlobalSection
	GlobalSection(ProjectConfigurationPlatforms) = postSolution
		{CA9CF764-2B7C-43BD-8AC4-85BD3BB2EE22}.Debug|anycpu.ActiveCfg = Debug|anycpu
		{CA9CF764-2B7C-43BD-8AC4-85BD3BB2EE22}.Debug|anycpu.Build.0 = Debug|anycpu
		{CA9CF764-2B7C-43BD-8AC4-85BD3BB2EE22}.Release|anycpu.ActiveCfg = Release|anycpu
		{CA9CF764-2B7C-43BD-8AC4-85BD3BB2EE22}.Release|anycpu.Build.0 = Release|anycpu
	EndGlobalSection
	GlobalSection(SolutionProperties) = preSolution
		HideSolutionNode = FALSE
	EndGlobalSection
	GlobalSection(ExtensibilityGlobals) = postSolution
		SolutionGuid = {D413351D-0815-4A63-8907-24E0534F878A}
	EndGlobalSection
EndGlobal
